
Microsoft Visual Studio Solution File, Format Version 12.00
# Visual Studio Version 16
VisualStudioVersion = 16.0.29911.84
MinimumVisualStudioVersion = 10.0.40219.1
Project("{9A19103F-16F7-4668-BE54-9A1E7A4F7556}") = "HW27_MiniMarket", "HW27_MiniMarket.csproj", "{F1C7326B-41C2-4A27-AAC8-B90BD9033057}"
EndProject
Global
	GlobalSection(SolutionConfigurationPlatforms) = preSolution
		Debug|Any CPU = Debug|Any CPU
		Release|Any CPU = Release|Any CPU
	EndGlobalSection
	GlobalSection(ProjectConfigurationPlatforms) = postSolution
		{F1C7326B-41C2-4A27-AAC8-B90BD9033057}.Debug|Any CPU.ActiveCfg = Debug|Any CPU
		{F1C7326B-41C2-4A27-AAC8-B90BD9033057}.Debug|Any CPU.Build.0 = Debug|Any CPU
		{F1C7326B-41C2-4A27-AAC8-B90BD9033057}.Release|Any CPU.ActiveCfg = Release|Any CPU
		{F1C7326B-41C2-4A27-AAC8-B90BD9033057}.Release|Any CPU.Build.0 = Release|Any CPU
	EndGlobalSection
	GlobalSection(SolutionProperties) = preSolution
		HideSolutionNode = FALSE
	EndGlobalSection
	GlobalSection(ExtensibilityGlobals) = postSolution
		SolutionGuid = {FD22702E-6637-4826-9EBA-38C38DEF18C0}
	EndGlobalSection
EndGlobal
